
Microsoft Visual Studio Solution File, Format Version 12.00
# Visual Studio Version 16
VisualStudioVersion = 16.0.32126.315
MinimumVisualStudioVersion = 10.0.40219.1
Project("{8BC9CEB8-8B4A-11D0-8D11-00A0C91BC942}") = "大端字节序和小端字节序", "大端字节序和小端字节序\大端字节序和小端字节序.vcxproj", "{599FC3FF-C353-48F0-8319-8AFC663C5D3A}"
EndProject
Global
	GlobalSection(SolutionConfigurationPlatforms) = preSolution
		Debug|x64 = Debug|x64
		Debug|x86 = Debug|x86
		Release|x64 = Release|x64
		Release|x86 = Release|x86
	EndGlobalSection
	GlobalSection(ProjectConfigurationPlatforms) = postSolution
		{599FC3FF-C353-48F0-8319-8AFC663C5D3A}.Debug|x64.ActiveCfg = Debug|x64
		{599FC3FF-C353-48F0-8319-8AFC663C5D3A}.Debug|x64.Build.0 = Debug|x64
		{599FC3FF-C353-48F0-8319-8AFC663C5D3A}.Debug|x86.ActiveCfg = Debug|Win32
		{599FC3FF-C353-48F0-8319-8AFC663C5D3A}.Debug|x86.Build.0 = Debug|Win32
		{599FC3FF-C353-48F0-8319-8AFC663C5D3A}.Release|x64.ActiveCfg = Release|x64
		{599FC3FF-C353-48F0-8319-8AFC663C5D3A}.Release|x64.Build.0 = Release|x64
		{599FC3FF-C353-48F0-8319-8AFC663C5D3A}.Release|x86.ActiveCfg = Release|Win32
		{599FC3FF-C353-48F0-8319-8AFC663C5D3A}.Release|x86.Build.0 = Release|Win32
	EndGlobalSection
	GlobalSection(SolutionProperties) = preSolution
		HideSolutionNode = FALSE
	EndGlobalSection
	GlobalSection(ExtensibilityGlobals) = postSolution
		SolutionGuid = {C47928BA-42CE-4F1B-80A1-C0DCCC717EDC}
	EndGlobalSection
EndGlobal
